{
  "version": 4,
  "terraform_version": "0.12.24",
  "serial": 24,
  "lineage": "d7fa5729-7a8d-7404-f3b2-060b7884ea06",
  "outputs": {},
  "resources": [
    {
      "module": "module.network",
      "mode": "managed",
      "type": "google_compute_network",
      "name": "myvpc",
      "provider": "provider.google",
      "instances": [
        {
          "schema_version": 0,
          "attributes": {
            "auto_create_subnetworks": false,
            "delete_default_routes_on_create": false,
            "description": "",
            "gateway_ipv4": "",
            "id": "projects/toluna-devops/global/networks/vpc-test",
            "ipv4_range": null,
            "name": "vpc-test",
            "project": "toluna-devops",
            "routing_mode": "REGIONAL",
            "self_link": "https://www.googleapis.com/compute/v1/projects/toluna-devops/global/networks/vpc-test",
            "timeouts": null
          },
          "private": "eyJlMmJmYjczMC1lY2FhLTExZTYtOGY4OC0zNDM2M2JjN2M0YzAiOnsiY3JlYXRlIjoyNDAwMDAwMDAwMDAsImRlbGV0ZSI6MjQwMDAwMDAwMDAwLCJ1cGRhdGUiOjI0MDAwMDAwMDAwMH19"
        }
      ]
    },
    {
      "module": "module.network",
      "mode": "managed",
      "type": "google_compute_subnetwork",
      "name": "mysubnet",
      "provider": "provider.google",
      "instances": [
        {
          "schema_version": 0,
          "attributes": {
            "creation_timestamp": "2020-08-03T11:50:28.174-07:00",
            "description": "",
            "enable_flow_logs": null,
            "fingerprint": null,
            "gateway_address": "10.10.0.1",
            "id": "projects/toluna-devops/regions/europe-west3/subnetworks/subnet-public",
            "ip_cidr_range": "10.10.0.0/24",
            "log_config": [],
            "name": "subnet-public",
            "network": "https://www.googleapis.com/compute/v1/projects/toluna-devops/global/networks/vpc-test",
            "private_ip_google_access": false,
            "project": "toluna-devops",
            "region": "europe-west3",
            "secondary_ip_range": [],
            "self_link": "https://www.googleapis.com/compute/v1/projects/toluna-devops/regions/europe-west3/subnetworks/subnet-public",
            "timeouts": null
          },
          "private": "eyJlMmJmYjczMC1lY2FhLTExZTYtOGY4OC0zNDM2M2JjN2M0YzAiOnsiY3JlYXRlIjozNjAwMDAwMDAwMDAsImRlbGV0ZSI6MzYwMDAwMDAwMDAwLCJ1cGRhdGUiOjM2MDAwMDAwMDAwMH19",
          "dependencies": [
            "module.network.google_compute_network.myvpc"
          ]
        }
      ]
    },
    {
      "module": "module.gke",
      "mode": "managed",
      "type": "google_container_cluster",
      "name": "primary",
      "provider": "provider.google",
      "instances": [
        {
          "schema_version": 1,
          "attributes": {
            "additional_zones": [],
            "addons_config": [
              {
                "cloudrun_config": [],
                "horizontal_pod_autoscaling": [],
                "http_load_balancing": [],
                "kubernetes_dashboard": [],
                "network_policy_config": [
                  {
                    "disabled": true
                  }
                ]
              }
            ],
            "authenticator_groups_config": [],
            "cluster_autoscaling": [
              {
                "auto_provisioning_defaults": [],
                "enabled": false,
                "resource_limits": []
              }
            ],
            "cluster_ipv4_cidr": "10.60.0.0/14",
            "database_encryption": [
              {
                "key_name": "",
                "state": "DECRYPTED"
              }
            ],
            "default_max_pods_per_node": null,
            "description": "",
            "enable_binary_authorization": false,
            "enable_intranode_visibility": null,
            "enable_kubernetes_alpha": false,
            "enable_legacy_abac": false,
            "enable_shielded_nodes": false,
            "enable_tpu": null,
            "endpoint": "34.89.170.194",
            "id": "projects/toluna-devops/locations/europe-west3/clusters/toluna",
            "initial_node_count": 1,
            "instance_group_urls": [
              "https://www.googleapis.com/compute/v1/projects/toluna-devops/zones/europe-west3-c/instanceGroups/gke-toluna-default-pool-1261178b-grp",
              "https://www.googleapis.com/compute/v1/projects/toluna-devops/zones/europe-west3-b/instanceGroups/gke-toluna-default-pool-7dd8c926-grp",
              "https://www.googleapis.com/compute/v1/projects/toluna-devops/zones/europe-west3-a/instanceGroups/gke-toluna-default-pool-2574d080-grp"
            ],
            "ip_allocation_policy": [],
            "label_fingerprint": "a9dc16a7",
            "location": "europe-west3",
            "logging_service": "logging.googleapis.com/kubernetes",
            "maintenance_policy": [],
            "master_auth": [
              {
                "client_certificate": "",
                "client_certificate_config": [
                  {
                    "issue_client_certificate": false
                  }
                ],
                "client_key": "",
                "cluster_ca_certificate": "LS0tLS1CRUdJTiBDRVJUSUZJQ0FURS0tLS0tCk1JSURDekNDQWZPZ0F3SUJBZ0lRT3YwLzBWbXdaOGpWR05kMDdTb1d6akFOQmdrcWhraUc5dzBCQVFzRkFEQXYKTVMwd0t3WURWUVFERXlRM01UWmhaVFJtT1MxaU0ySTJMVFF5TkRRdE9UVmhaQzAxT0dKbU1XVmlaVE5tT1dJdwpIaGNOTWpBd09EQXpNVGMxTURFMFdoY05NalV3T0RBeU1UZzFNREUwV2pBdk1TMHdLd1lEVlFRREV5UTNNVFpoClpUUm1PUzFpTTJJMkxUUXlORFF0T1RWaFpDMDFPR0ptTVdWaVpUTm1PV0l3Z2dFaU1BMEdDU3FHU0liM0RRRUIKQVFVQUE0SUJEd0F3Z2dFS0FvSUJBUUNpckUzd2tGT2NHTVhYZTRqcXBSYlo2SnhTOUltRlNYamhUdkU2UWZoaQp0KzBId0haZWUrTGlSZnBGZVpZeEREa1VEL044MXVUckdsbS9DVmljd043OEM1c1Q3YzdvdmxxQkJLQ0JwTXU0CmhZR1JpejczUXRrWGhKRUxscXg2dDk1U1lSTDFGNnhSYUd3RHFWV09RMDQ2eCt3b2t2WGtXUWlnZU5sbVVuczMKeFgyRDJCdjVNU0hRVVpCQnBobHlJTkhiQnRNc1JNSGI1WE9yTGh6ZG41SUtwd1lzZUtPWVBlTXhXZi8rMjF4YwpRSGY5d1F1UHU2WDE1a08yblZxa3V2NE5CYWFETDhBSEpIUzlUak16Q2h5Qk1kZFhHUit2R3VBWlBqNkZWSi8rCkZwU0RZaUpwTTNjWFZ1NFBuRk12dFlRT1NMVGdYazZlRy80UkJUSzJrU2V0QWdNQkFBR2pJekFoTUE0R0ExVWQKRHdFQi93UUVBd0lDQkRBUEJnTlZIUk1CQWY4RUJUQURBUUgvTUEwR0NTcUdTSWIzRFFFQkN3VUFBNElCQVFCVwpPZWFaRnJzU0NNcGl4Q1pQTzRqTENRQnJCR2M1c0RyYXpZNEV6cDN4VHpKTGRzbHZSWmkrZVg4Z0lDdXFZYnJQCnM0UDBGdVk1RjRXMnhmb1JJaVlMTGRhZUEwa215OCsybEx1aWxNNnJpZktKTUlVMGpCOXFldzFuNVJpR0hWeFgKNHlMZmc0dzZDd3ZZcDJsOXpyQzVsNWNTc2ZVYk4zcnZsc282SXFaazc4SmVTbXlHRytCaVpsM1hpekRtNWFvbAo1bmlscTUxbm1mbEpXZWx0TWhWRGJXTXNPdW5PYkJNZk5VVTBIalZGTzVhcHg3dlVYTFViaXc5SmN1QUpBWWd3Ck1uMHpCTDdxTTNqbE9BTWhQeXU2WXNxSk81VStjdXdKN0s1S2JZVGZXdFI2Q3Z2U3QvU3MyV3hwbXJ4V0hiV1oKTEVqdURpSVhwOU5XdnFYeUIyMUQKLS0tLS1FTkQgQ0VSVElGSUNBVEUtLS0tLQo=",
                "password": "",
                "username": ""
              }
            ],
            "master_authorized_networks_config": [],
            "master_version": "1.15.12-gke.2",
            "min_master_version": null,
            "monitoring_service": "monitoring.googleapis.com/kubernetes",
            "name": "toluna",
            "network": "projects/toluna-devops/global/networks/default",
            "network_policy": [
              {
                "enabled": false,
                "provider": "PROVIDER_UNSPECIFIED"
              }
            ],
            "node_config": [
              {
                "disk_size_gb": 100,
                "disk_type": "pd-standard",
                "guest_accelerator": [],
                "image_type": "COS",
                "labels": {},
                "local_ssd_count": 0,
                "machine_type": "n1-standard-1",
                "metadata": {
                  "disable-legacy-endpoints": "true"
                },
                "min_cpu_platform": "",
                "oauth_scopes": [
                  "https://www.googleapis.com/auth/devstorage.read_only",
                  "https://www.googleapis.com/auth/logging.write",
                  "https://www.googleapis.com/auth/monitoring",
                  "https://www.googleapis.com/auth/service.management.readonly",
                  "https://www.googleapis.com/auth/servicecontrol",
                  "https://www.googleapis.com/auth/trace.append"
                ],
                "preemptible": false,
                "sandbox_config": [],
                "service_account": "default",
                "shielded_instance_config": [
                  {
                    "enable_integrity_monitoring": true,
                    "enable_secure_boot": false
                  }
                ],
                "tags": [],
                "taint": [],
                "workload_metadata_config": []
              }
            ],
            "node_locations": [
              "europe-west3-a",
              "europe-west3-b",
              "europe-west3-c"
            ],
            "node_pool": [
              {
                "autoscaling": [],
                "initial_node_count": 1,
                "instance_group_urls": [
                  "https://www.googleapis.com/compute/v1/projects/toluna-devops/zones/europe-west3-c/instanceGroupManagers/gke-toluna-default-pool-1261178b-grp",
                  "https://www.googleapis.com/compute/v1/projects/toluna-devops/zones/europe-west3-b/instanceGroupManagers/gke-toluna-default-pool-7dd8c926-grp",
                  "https://www.googleapis.com/compute/v1/projects/toluna-devops/zones/europe-west3-a/instanceGroupManagers/gke-toluna-default-pool-2574d080-grp"
                ],
                "management": [
                  {
                    "auto_repair": true,
                    "auto_upgrade": true
                  }
                ],
                "max_pods_per_node": 0,
                "name": "default-pool",
                "name_prefix": "",
                "node_config": [
                  {
                    "disk_size_gb": 100,
                    "disk_type": "pd-standard",
                    "guest_accelerator": [],
                    "image_type": "COS",
                    "labels": {},
                    "local_ssd_count": 0,
                    "machine_type": "n1-standard-1",
                    "metadata": {
                      "disable-legacy-endpoints": "true"
                    },
                    "min_cpu_platform": "",
                    "oauth_scopes": [
                      "https://www.googleapis.com/auth/devstorage.read_only",
                      "https://www.googleapis.com/auth/logging.write",
                      "https://www.googleapis.com/auth/monitoring",
                      "https://www.googleapis.com/auth/service.management.readonly",
                      "https://www.googleapis.com/auth/servicecontrol",
                      "https://www.googleapis.com/auth/trace.append"
                    ],
                    "preemptible": false,
                    "sandbox_config": [],
                    "service_account": "default",
                    "shielded_instance_config": [
                      {
                        "enable_integrity_monitoring": true,
                        "enable_secure_boot": false
                      }
                    ],
                    "tags": [],
                    "taint": [],
                    "workload_metadata_config": []
                  }
                ],
                "node_count": 1,
                "node_locations": [
                  "europe-west3-a",
                  "europe-west3-b",
                  "europe-west3-c"
                ],
                "upgrade_settings": [
                  {
                    "max_surge": 1,
                    "max_unavailable": 0
                  }
                ],
                "version": "1.15.12-gke.2"
              }
            ],
            "node_version": "1.15.12-gke.2",
            "operation": null,
            "pod_security_policy_config": null,
            "private_cluster_config": [],
            "project": "toluna-devops",
            "region": null,
            "remove_default_node_pool": null,
            "resource_labels": null,
            "resource_usage_export_config": [],
            "services_ipv4_cidr": "10.63.240.0/20",
            "subnetwork": "projects/toluna-devops/regions/europe-west3/subnetworks/default",
            "timeouts": null,
            "vertical_pod_autoscaling": [],
            "workload_identity_config": [],
            "zone": null
          },
          "private": "eyJlMmJmYjczMC1lY2FhLTExZTYtOGY4OC0zNDM2M2JjN2M0YzAiOnsiY3JlYXRlIjoyNDAwMDAwMDAwMDAwLCJkZWxldGUiOjI0MDAwMDAwMDAwMDAsInJlYWQiOjI0MDAwMDAwMDAwMDAsInVwZGF0ZSI6MzYwMDAwMDAwMDAwMH0sInNjaGVtYV92ZXJzaW9uIjoiMSJ9"
        }
      ]
    }
  ]
}
