{
  "version": 4,
  "terraform_version": "0.12.24",
  "serial": 18,
  "lineage": "d7fa5729-7a8d-7404-f3b2-060b7884ea06",
  "outputs": {},
  "resources": [
    {
      "module": "module.gke",
      "mode": "managed",
      "type": "google_container_cluster",
      "name": "primary",
      "provider": "provider.google",
      "instances": [
        {
          "schema_version": 1,
          "attributes": {
            "additional_zones": [],
            "addons_config": [
              {
                "cloudrun_config": [],
                "horizontal_pod_autoscaling": [],
                "http_load_balancing": [],
                "kubernetes_dashboard": [],
                "network_policy_config": [
                  {
                    "disabled": true
                  }
                ]
              }
            ],
            "authenticator_groups_config": [],
            "cluster_autoscaling": [
              {
                "auto_provisioning_defaults": [],
                "enabled": false,
                "resource_limits": []
              }
            ],
            "cluster_ipv4_cidr": "10.60.0.0/14",
            "database_encryption": [
              {
                "key_name": "",
                "state": "DECRYPTED"
              }
            ],
            "default_max_pods_per_node": null,
            "description": "",
            "enable_binary_authorization": false,
            "enable_intranode_visibility": null,
            "enable_kubernetes_alpha": false,
            "enable_legacy_abac": false,
            "enable_shielded_nodes": false,
            "enable_tpu": null,
            "endpoint": "35.234.125.0",
            "id": "projects/toluna-devops/locations/europe-west3/clusters/toluna",
            "initial_node_count": 1,
            "instance_group_urls": [
              "https://www.googleapis.com/compute/v1/projects/toluna-devops/zones/europe-west3-a/instanceGroups/gke-toluna-default-pool-ee4532d2-grp",
              "https://www.googleapis.com/compute/v1/projects/toluna-devops/zones/europe-west3-c/instanceGroups/gke-toluna-default-pool-04092b3d-grp",
              "https://www.googleapis.com/compute/v1/projects/toluna-devops/zones/europe-west3-b/instanceGroups/gke-toluna-default-pool-7bc883ff-grp"
            ],
            "ip_allocation_policy": [],
            "label_fingerprint": "a9dc16a7",
            "location": "europe-west3",
            "logging_service": "logging.googleapis.com/kubernetes",
            "maintenance_policy": [],
            "master_auth": [
              {
                "client_certificate": "",
                "client_certificate_config": [
                  {
                    "issue_client_certificate": false
                  }
                ],
                "client_key": "",
                "cluster_ca_certificate": "LS0tLS1CRUdJTiBDRVJUSUZJQ0FURS0tLS0tCk1JSURERENDQWZTZ0F3SUJBZ0lSQVBCa1ROOUUzbHk2b3hSMUEwbFdZeUV3RFFZSktvWklodmNOQVFFTEJRQXcKTHpFdE1Dc0dBMVVFQXhNa01HVmhNRE0wWmpFdFpqTTROUzAwTVdJMUxXSXhZelV0TjJZM05UUm1PRE14TjJRMgpNQjRYRFRJd01EZ3dNekUyTWprMU4xb1hEVEkxTURnd01qRTNNamsxTjFvd0x6RXRNQ3NHQTFVRUF4TWtNR1ZoCk1ETTBaakV0WmpNNE5TMDBNV0kxTFdJeFl6VXROMlkzTlRSbU9ETXhOMlEyTUlJQklqQU5CZ2txaGtpRzl3MEIKQVFFRkFBT0NBUThBTUlJQkNnS0NBUUVBa2F6NWJSTFZuT0g5WVRJODFCdUZubURDSXRIN0tLcVk0MUVwUVlxNgpaMVNzSHhkSTNzdGFwLzgxRDl2bEJyWUJtZjlTNUczUmpTR2Fyc3VVRFpvQ2ZrNmZCdFp2NXVhcGhTRkEyck81CmtYdWdVUnMxUjd5c2hHT2R3alVSOUJTSDcyb2FqenIxWEdGSWhzQkhJendtRXMxMXNVZ2FhYlZpd0NCaEhUYmIKc0U1N3hMYjgvVW9UUHE3dHFCbGtnZkRPUTI4V01nUHR5ZWhPaWk3SEVkWm1ZUkcyeWF6SlltWjZ0M0gzYWJGMQpCLzFrRHFRbFFIT0VZbkZUcUlxcVVyTGJFRWNSVlFRMFVEenEycGZOR3VjK01wRk5MQ1Y0SG53Y29PL0U2UnBBClJlaDkrWERxL1N2NlN0NXplRjdZaSt1NnFPaXhJc2xQSnBhZHcxNXJONE1RUVFJREFRQUJveU13SVRBT0JnTlYKSFE4QkFmOEVCQU1DQWdRd0R3WURWUjBUQVFIL0JBVXdBd0VCL3pBTkJna3Foa2lHOXcwQkFRc0ZBQU9DQVFFQQpLYW9tN1djWVc5U0oyZ1pCMzZ1ZUpURi9oWWgvcDhSc3JUbGhlSWZpcXdUSXd2bGNaNG81SlNEeEFPbmh5d1FxClhkejhxN1BsdFVWZkRXWG80Skc2V3RkdzRSczlEVHMrWmRmTWErKytTSmtxOXBqLzhPVktJNzRkdXppWDZSZTEKV00rajgyY0dsMHd6eGdYYS9CbW40NHVXMURZb0dpeE9XR1ZJWlE4dXZGckxteVJIdDhMN1pZTFVSTk93ckJ1SwprVkhUSHdZd3BLTEJTN3k5T0hCR09HZTc1U2JQR2d4MU9lNmdwb01vbDBXREdhU090NHp5QjhtaDljQ2lsUmtkClBWaWhQWGwyZUFlYkl3dll1alRMUHJWaTdHNXZjNjNEcnk4OTBWRGUzWW9KaGJPaWtlckpmK1ExYVdXMUpOSW8KZ2E0YUlKNjhPcWVGT3FBTVdoMUVPdz09Ci0tLS0tRU5EIENFUlRJRklDQVRFLS0tLS0K",
                "password": "",
                "username": ""
              }
            ],
            "master_authorized_networks_config": [],
            "master_version": "1.15.12-gke.2",
            "min_master_version": null,
            "monitoring_service": "monitoring.googleapis.com/kubernetes",
            "name": "toluna",
            "network": "projects/toluna-devops/global/networks/default",
            "network_policy": [
              {
                "enabled": false,
                "provider": "PROVIDER_UNSPECIFIED"
              }
            ],
            "node_config": [
              {
                "disk_size_gb": 100,
                "disk_type": "pd-standard",
                "guest_accelerator": [],
                "image_type": "COS",
                "labels": {},
                "local_ssd_count": 0,
                "machine_type": "n1-standard-1",
                "metadata": {
                  "disable-legacy-endpoints": "true"
                },
                "min_cpu_platform": "",
                "oauth_scopes": [
                  "https://www.googleapis.com/auth/devstorage.read_only",
                  "https://www.googleapis.com/auth/logging.write",
                  "https://www.googleapis.com/auth/monitoring",
                  "https://www.googleapis.com/auth/service.management.readonly",
                  "https://www.googleapis.com/auth/servicecontrol",
                  "https://www.googleapis.com/auth/trace.append"
                ],
                "preemptible": false,
                "sandbox_config": [],
                "service_account": "default",
                "shielded_instance_config": [
                  {
                    "enable_integrity_monitoring": true,
                    "enable_secure_boot": false
                  }
                ],
                "tags": [],
                "taint": [],
                "workload_metadata_config": []
              }
            ],
            "node_locations": [
              "europe-west3-a",
              "europe-west3-b",
              "europe-west3-c"
            ],
            "node_pool": [
              {
                "autoscaling": [],
                "initial_node_count": 1,
                "instance_group_urls": [
                  "https://www.googleapis.com/compute/v1/projects/toluna-devops/zones/europe-west3-a/instanceGroupManagers/gke-toluna-default-pool-ee4532d2-grp",
                  "https://www.googleapis.com/compute/v1/projects/toluna-devops/zones/europe-west3-c/instanceGroupManagers/gke-toluna-default-pool-04092b3d-grp",
                  "https://www.googleapis.com/compute/v1/projects/toluna-devops/zones/europe-west3-b/instanceGroupManagers/gke-toluna-default-pool-7bc883ff-grp"
                ],
                "management": [
                  {
                    "auto_repair": true,
                    "auto_upgrade": true
                  }
                ],
                "max_pods_per_node": 0,
                "name": "default-pool",
                "name_prefix": "",
                "node_config": [
                  {
                    "disk_size_gb": 100,
                    "disk_type": "pd-standard",
                    "guest_accelerator": [],
                    "image_type": "COS",
                    "labels": {},
                    "local_ssd_count": 0,
                    "machine_type": "n1-standard-1",
                    "metadata": {
                      "disable-legacy-endpoints": "true"
                    },
                    "min_cpu_platform": "",
                    "oauth_scopes": [
                      "https://www.googleapis.com/auth/devstorage.read_only",
                      "https://www.googleapis.com/auth/logging.write",
                      "https://www.googleapis.com/auth/monitoring",
                      "https://www.googleapis.com/auth/service.management.readonly",
                      "https://www.googleapis.com/auth/servicecontrol",
                      "https://www.googleapis.com/auth/trace.append"
                    ],
                    "preemptible": false,
                    "sandbox_config": [],
                    "service_account": "default",
                    "shielded_instance_config": [
                      {
                        "enable_integrity_monitoring": true,
                        "enable_secure_boot": false
                      }
                    ],
                    "tags": [],
                    "taint": [],
                    "workload_metadata_config": []
                  }
                ],
                "node_count": 1,
                "node_locations": [
                  "europe-west3-a",
                  "europe-west3-b",
                  "europe-west3-c"
                ],
                "upgrade_settings": [
                  {
                    "max_surge": 1,
                    "max_unavailable": 0
                  }
                ],
                "version": "1.15.12-gke.2"
              }
            ],
            "node_version": "1.15.12-gke.2",
            "operation": null,
            "pod_security_policy_config": null,
            "private_cluster_config": [],
            "project": "toluna-devops",
            "region": null,
            "remove_default_node_pool": null,
            "resource_labels": null,
            "resource_usage_export_config": [],
            "services_ipv4_cidr": "10.63.240.0/20",
            "subnetwork": "projects/toluna-devops/regions/europe-west3/subnetworks/default",
            "timeouts": null,
            "vertical_pod_autoscaling": [],
            "workload_identity_config": [],
            "zone": null
          },
          "private": "eyJlMmJmYjczMC1lY2FhLTExZTYtOGY4OC0zNDM2M2JjN2M0YzAiOnsiY3JlYXRlIjoyNDAwMDAwMDAwMDAwLCJkZWxldGUiOjI0MDAwMDAwMDAwMDAsInJlYWQiOjI0MDAwMDAwMDAwMDAsInVwZGF0ZSI6MzYwMDAwMDAwMDAwMH0sInNjaGVtYV92ZXJzaW9uIjoiMSJ9"
        }
      ]
    }
  ]
}
